// !$*UTF8*$!
{
	archiveVersion = 1;
	classes = {
	};
	objectVersion = 46;
	objects = {

/* Begin PBXBuildFile section */
		435A4E261E71223600A85894 /* AppDelegate.swift in Sources */ = {isa = PBXBuildFile; fileRef = 435A4E251E71223600A85894 /* AppDelegate.swift */; };
		435A4E281E71223600A85894 /* ViewController.swift in Sources */ = {isa = PBXBuildFile; fileRef = 435A4E271E71223600A85894 /* ViewController.swift */; };
		435A4E2B1E71223600A85894 /* Main.storyboard in Resources */ = {isa = PBXBuildFile; fileRef = 435A4E291E71223600A85894 /* Main.storyboard */; };
		435A4E2D1E71223600A85894 /* Assets.xcassets in Resources */ = {isa = PBXBuildFile; fileRef = 435A4E2C1E71223600A85894 /* Assets.xcassets */; };
		435A4E301E71223600A85894 /* LaunchScreen.storyboard in Resources */ = {isa = PBXBuildFile; fileRef = 435A4E2E1E71223600A85894 /* LaunchScreen.storyboard */; };
		435A4E3B1E71227800A85894 /* CubeLabel.swift in Sources */ = {isa = PBXBuildFile; fileRef = 435A4E3A1E71227800A85894 /* CubeLabel.swift */; };
/* End PBXBuildFile section */

/* Begin PBXFileReference section */
		435A4E221E71223600A85894 /* CubeTransitionLabel.app */ = {isa = PBXFileReference; explicitFileType = wrapper.application; includeInIndex = 0; path = CubeTransitionLabel.app; sourceTree = BUILT_PRODUCTS_DIR; };
		435A4E251E71223600A85894 /* AppDelegate.swift */ = {isa = PBXFileReference; lastKnownFileType = sourcecode.swift; path = AppDelegate.swift; sourceTree = "<group>"; };
		435A4E271E71223600A85894 /* ViewController.swift */ = {isa = PBXFileReference; lastKnownFileType = sourcecode.swift; path = ViewController.swift; sourceTree = "<group>"; };
		435A4E2A1E71223600A85894 /* Base */ = {isa = PBXFileReference; lastKnownFileType = file.storyboard; name = Base; path = Base.lproj/Main.storyboard; sourceTree = "<group>"; };
		435A4E2C1E71223600A85894 /* Assets.xcassets */ = {isa = PBXFileReference; lastKnownFileType = folder.assetcatalog; path = Assets.xcassets; sourceTree = "<group>"; };
		435A4E2F1E71223600A85894 /* Base */ = {isa = PBXFileReference; lastKnownFileType = file.storyboard; name = Base; path = Base.lproj/LaunchScreen.storyboard; sourceTree = "<group>"; };
		435A4E311E71223600A85894 /* Info.plist */ = {isa = PBXFileReference; lastKnownFileType = text.plist.xml; path = Info.plist; sourceTree = "<group>"; };
		435A4E3A1E71227800A85894 /* CubeLabel.swift */ = {isa = PBXFileReference; fileEncoding = 4; lastKnownFileType = sourcecode.swift; path = CubeLabel.swift; sourceTree = "<group>"; };
/* End PBXFileReference section */

/* Begin PBXFrameworksBuildPhase section */
		435A4E1F1E71223600A85894 /* Frameworks */ = {
			isa = PBXFrameworksBuildPhase;
			buildActionMask = 2147483647;
			files = (
			);
			runOnlyForDeploymentPostprocessing = 0;
		};
/* End PBXFrameworksBuildPhase section */

/* Begin PBXGroup section */
		435A4E191E71223600A85894 = {
			isa = PBXGroup;
			children = (
				435A4E241E71223600A85894 /* CubeTransitionLabel */,
				435A4E231E71223600A85894 /* Products */,
			);
			sourceTree = "<group>";
		};
		435A4E231E71223600A85894 /* Products */ = {
			isa = PBXGroup;
			children = (
				435A4E221E71223600A85894 /* CubeTransitionLabel.app */,
			);
			name = Products;
			sourceTree = "<group>";
		};
		435A4E241E71223600A85894 /* CubeTransitionLabel */ = {
			isa = PBXGroup;
			children = (
				435A4E391E71226700A85894 /* CubeLabel */,
				435A4E251E71223600A85894 /* AppDelegate.swift */,
				435A4E271E71223600A85894 /* ViewController.swift */,
				435A4E291E71223600A85894 /* Main.storyboard */,
				435A4E2C1E71223600A85894 /* Assets.xcassets */,
				435A4E2E1E71223600A85894 /* LaunchScreen.storyboard */,
				435A4E311E71223600A85894 /* Info.plist */,
			);
			path = CubeTransitionLabel;
			sourceTree = "<group>";
		};
		435A4E391E71226700A85894 /* CubeLabel */ = {
			isa = PBXGroup;
			children = (
				435A4E3A1E71227800A85894 /* CubeLabel.swift */,
			);
			path = CubeLabel;
			sourceTree = "<group>";
		};
/* End PBXGroup section */

/* Begin PBXNativeTarget section */
		435A4E211E71223600A85894 /* CubeTransitionLabel */ = {
			isa = PBXNativeTarget;
			buildConfigurationList = 435A4E341E71223600A85894 /* Build configuration list for PBXNativeTarget "CubeTransitionLabel" */;
			buildPhases = (
				435A4E1E1E71223600A85894 /* Sources */,
				435A4E1F1E71223600A85894 /* Frameworks */,
				435A4E201E71223600A85894 /* Resources */,
			);
			buildRules = (
			);
			dependencies = (
			);
			name = CubeTransitionLabel;
			productName = CubeTransitionLabel;
			productReference = 435A4E221E71223600A85894 /* CubeTransitionLabel.app */;
			productType = "com.apple.product-type.application";
		};
/* End PBXNativeTarget section */

/* Begin PBXProject section */
		435A4E1A1E71223600A85894 /* Project object */ = {
			isa = PBXProject;
			attributes = {
				LastSwiftUpdateCheck = 0820;
				LastUpgradeCheck = 0820;
				ORGANIZATIONNAME = AZ;
				TargetAttributes = {
					435A4E211E71223600A85894 = {
						CreatedOnToolsVersion = 8.2.1;
						ProvisioningStyle = Automatic;
					};
				};
			};
			buildConfigurationList = 435A4E1D1E71223600A85894 /* Build configuration list for PBXProject "CubeTransitionLabel" */;
			compatibilityVersion = "Xcode 3.2";
			developmentRegion = English;
			hasScannedForEncodings = 0;
			knownRegions = (
				en,
				Base,
			);
			mainGroup = 435A4E191E71223600A85894;
			productRefGroup = 435A4E231E71223600A85894 /* Products */;
			projectDirPath = "";
			projectRoot = "";
			targets = (
				435A4E211E71223600A85894 /* CubeTransitionLabel */,
			);
		};
/* End PBXProject section */

/* Begin PBXResourcesBuildPhase section */
		435A4E201E71223600A85894 /* Resources */ = {
			isa = PBXResourcesBuildPhase;
			buildActionMask = 2147483647;
			files = (
				435A4E301E71223600A85894 /* LaunchScreen.storyboard in Resources */,
				435A4E2D1E71223600A85894 /* Assets.xcassets in Resources */,
				435A4E2B1E71223600A85894 /* Main.storyboard in Resources */,
			);
			runOnlyForDeploymentPostprocessing = 0;
		};
/* End PBXResourcesBuildPhase section */

/* Begin PBXSourcesBuildPhase section */
		435A4E1E1E71223600A85894 /* Sources */ = {
			isa = PBXSourcesBuildPhase;
			buildActionMask = 2147483647;
			files = (
				435A4E3B1E71227800A85894 /* CubeLabel.swift in Sources */,
				435A4E281E71223600A85894 /* ViewController.swift in Sources */,
				435A4E261E71223600A85894 /* AppDelegate.swift in Sources */,
			);
			runOnlyForDeploymentPostprocessing = 0;
		};
/* End PBXSourcesBuildPhase section */

/* Begin PBXVariantGroup section */
		435A4E291E71223600A85894 /* Main.storyboard */ = {
			isa = PBXVariantGroup;
			children = (
				435A4E2A1E71223600A85894 /* Base */,
			);
			name = Main.storyboard;
			sourceTree = "<group>";
		};
		435A4E2E1E71223600A85894 /* LaunchScreen.storyboard */ = {
			isa = PBXVariantGroup;
			children = (
				435A4E2F1E71223600A85894 /* Base */,
			);
			name = LaunchScreen.storyboard;
			sourceTree = "<group>";
		};
/* End PBXVariantGroup section */

/* Begin XCBuildConfiguration section */
		435A4E321E71223600A85894 /* Debug */ = {
			isa = XCBuildConfiguration;
			buildSettings = {
				ALWAYS_SEARCH_USER_PATHS = NO;
				CLANG_ANALYZER_NONNULL = YES;
				CLANG_CXX_LANGUAGE_STANDARD = "gnu++0x";
				CLANG_CXX_LIBRARY = "libc++";
				CLANG_ENABLE_MODULES = YES;
				CLANG_ENABLE_OBJC_ARC = YES;
				CLANG_WARN_BOOL_CONVERSION = YES;
				CLANG_WARN_CONSTANT_CONVERSION = YES;
				CLANG_WARN_DIRECT_OBJC_ISA_USAGE = YES_ERROR;
				CLANG_WARN_DOCUMENTATION_COMMENTS = YES;
				CLANG_WARN_EMPTY_BODY = YES;
				CLANG_WARN_ENUM_CONVERSION = YES;
				CLANG_WARN_INFINITE_RECURSION = YES;
				CLANG_WARN_INT_CONVERSION = YES;
				CLANG_WARN_OBJC_ROOT_CLASS = YES_ERROR;
				CLANG_WARN_SUSPICIOUS_MOVE = YES;
				CLANG_WARN_UNREACHABLE_CODE = YES;
				CLANG_WARN__DUPLICATE_METHOD_MATCH = YES;
				"CODE_SIGN_IDENTITY[sdk=iphoneos*]" = "iPhone Developer";
				COPY_PHASE_STRIP = NO;
				DEBUG_INFORMATION_FORMAT = dwarf;
				ENABLE_STRICT_OBJC_MSGSEND = YES;
				ENABLE_TESTABILITY = YES;
				GCC_C_LANGUAGE_STANDARD = gnu99;
				GCC_DYNAMIC_NO_PIC = NO;
				GCC_NO_COMMON_BLOCKS = YES;
				GCC_OPTIMIZATION_LEVEL = 0;
				GCC_PREPROCESSOR_DEFINITIONS = (
					"DEBUG=1",
					"$(inherited)",
				);
				GCC_WARN_64_TO_32_BIT_CONVERSION = YES;
				GCC_WARN_ABOUT_RETURN_TYPE = YES_ERROR;
				GCC_WARN_UNDECLARED_SELECTOR = YES;
				GCC_WARN_UNINITIALIZED_AUTOS = YES_AGGRESSIVE;
				GCC_WARN_UNUSED_FUNCTION = YES;
				GCC_WARN_UNUSED_VARIABLE = YES;
				IPHONEOS_DEPLOYMENT_TARGET = 10.2;
				MTL_ENABLE_DEBUG_INFO = YES;
				ONLY_ACTIVE_ARCH = YES;
				SDKROOT = iphoneos;
				SWIFT_ACTIVE_COMPILATION_CONDITIONS = DEBUG;
				SWIFT_OPTIMIZATION_LEVEL = "-Onone";
			};
			name = Debug;
		};
		435A4E331E71223600A85894 /* Release */ = {
			isa = XCBuildConfiguration;
			buildSettings = {
				ALWAYS_SEARCH_USER_PATHS = NO;
				CLANG_ANALYZER_NONNULL = YES;
				CLANG_CXX_LANGUAGE_STANDARD = "gnu++0x";
				CLANG_CXX_LIBRARY = "libc++";
				CLANG_ENABLE_MODULES = YES;
				CLANG_ENABLE_OBJC_ARC = YES;
				CLANG_WARN_BOOL_CONVERSION = YES;
				CLANG_WARN_CONSTANT_CONVERSION = YES;
				CLANG_WARN_DIRECT_OBJC_ISA_USAGE = YES_ERROR;
				CLANG_WARN_DOCUMENTATION_COMMENTS = YES;
				CLANG_WARN_EMPTY_BODY = YES;
				CLANG_WARN_ENUM_CONVERSION = YES;
				CLANG_WARN_INFINITE_RECURSION = YES;
				CLANG_WARN_INT_CONVERSION = YES;
				CLANG_WARN_OBJC_ROOT_CLASS = YES_ERROR;
				CLANG_WARN_SUSPICIOUS_MOVE = YES;
				CLANG_WARN_UNREACHABLE_CODE = YES;
				CLANG_WARN__DUPLICATE_METHOD_MATCH = YES;
				"CODE_SIGN_IDENTITY[sdk=iphoneos*]" = "iPhone Developer";
				COPY_PHASE_STRIP = NO;
				DEBUG_INFORMATION_FORMAT = "dwarf-with-dsym";
				ENABLE_NS_ASSERTIONS = NO;
				ENABLE_STRICT_OBJC_MSGSEND = YES;
				GCC_C_LANGUAGE_STANDARD = gnu99;
				GCC_NO_COMMON_BLOCKS = YES;
				GCC_WARN_64_TO_32_BIT_CONVERSION = YES;
				GCC_WARN_ABOUT_RETURN_TYPE = YES_ERROR;
				GCC_WARN_UNDECLARED_SELECTOR = YES;
				GCC_WARN_UNINITIALIZED_AUTOS = YES_AGGRESSIVE;
				GCC_WARN_UNUSED_FUNCTION = YES;
				GCC_WARN_UNUSED_VARIABLE = YES;
				IPHONEOS_DEPLOYMENT_TARGET = 10.2;
				MTL_ENABLE_DEBUG_INFO = NO;
				SDKROOT = iphoneos;
				SWIFT_OPTIMIZATION_LEVEL = "-Owholemodule";
				VALIDATE_PRODUCT = YES;
			};
			name = Release;
		};
		435A4E351E71223600A85894 /* Debug */ = {
			isa = XCBuildConfiguration;
			buildSettings = {
				ASSETCATALOG_COMPILER_APPICON_NAME = AppIcon;
				INFOPLIST_FILE = CubeTransitionLabel/Info.plist;
				LD_RUNPATH_SEARCH_PATHS = "$(inherited) @executable_path/Frameworks";
				PRODUCT_BUNDLE_IDENTIFIER = AZ.CubeTransitionLabel;
				PRODUCT_NAME = "$(TARGET_NAME)";
				SWIFT_VERSION = 3.0;
			};
			name = Debug;
		};
		435A4E361E71223600A85894 /* Release */ = {
			isa = XCBuildConfiguration;
			buildSettings = {
				ASSETCATALOG_COMPILER_APPICON_NAME = AppIcon;
				INFOPLIST_FILE = CubeTransitionLabel/Info.plist;
				LD_RUNPATH_SEARCH_PATHS = "$(inherited) @executable_path/Frameworks";
				PRODUCT_BUNDLE_IDENTIFIER = AZ.CubeTransitionLabel;
				PRODUCT_NAME = "$(TARGET_NAME)";
				SWIFT_VERSION = 3.0;
			};
			name = Release;
		};
/* End XCBuildConfiguration section */

/* Begin XCConfigurationList section */
		435A4E1D1E71223600A85894 /* Build configuration list for PBXProject "CubeTransitionLabel" */ = {
			isa = XCConfigurationList;
			buildConfigurations = (
				435A4E321E71223600A85894 /* Debug */,
				435A4E331E71223600A85894 /* Release */,
			);
			defaultConfigurationIsVisible = 0;
			defaultConfigurationName = Release;
		};
		435A4E341E71223600A85894 /* Build configuration list for PBXNativeTarget "CubeTransitionLabel" */ = {
			isa = XCConfigurationList;
			buildConfigurations = (
				435A4E351E71223600A85894 /* Debug */,
				435A4E361E71223600A85894 /* Release */,
			);
			defaultConfigurationIsVisible = 0;
		};
/* End XCConfigurationList section */
	};
	rootObject = 435A4E1A1E71223600A85894 /* Project object */;
}
